
Microsoft Visual Studio Solution File, Format Version 12.00
# Visual Studio Version 16
VisualStudioVersion = 16.0.30804.86
MinimumVisualStudioVersion = 10.0.40219.1
Project("{FAE04EC0-301F-11D3-BF4B-00C04F79EFBC}") = "TetsWebApp", "TetsWebApp\TetsWebApp.csproj", "{A307B200-5AB1-4EA5-B152-0F9DD90782EE}"
EndProject
Global
	GlobalSection(SolutionConfigurationPlatforms) = preSolution
		Debug|Any CPU = Debug|Any CPU
		Release|Any CPU = Release|Any CPU
	EndGlobalSection
	GlobalSection(ProjectConfigurationPlatforms) = postSolution
		{A307B200-5AB1-4EA5-B152-0F9DD90782EE}.Debug|Any CPU.ActiveCfg = Debug|Any CPU
		{A307B200-5AB1-4EA5-B152-0F9DD90782EE}.Debug|Any CPU.Build.0 = Debug|Any CPU
		{A307B200-5AB1-4EA5-B152-0F9DD90782EE}.Release|Any CPU.ActiveCfg = Release|Any CPU
		{A307B200-5AB1-4EA5-B152-0F9DD90782EE}.Release|Any CPU.Build.0 = Release|Any CPU
	EndGlobalSection
	GlobalSection(SolutionProperties) = preSolution
		HideSolutionNode = FALSE
	EndGlobalSection
	GlobalSection(ExtensibilityGlobals) = postSolution
		SolutionGuid = {0850B2F2-406C-4B91-8A43-7F92B25F0BBB}
	EndGlobalSection
EndGlobal
